// !$*UTF8*$!
{
	archiveVersion = 1;
	classes = {
	};
	objectVersion = 56;
	objects = {

/* Begin PBXBuildFile section */
		D043D932A0C6DF2BE9DE9266 /* Pods_News.framework in Frameworks */ = {isa = PBXBuildFile; fileRef = 06E0FD34541B626E5480C716 /* Pods_News.framework */; };
		ED2BFE3B2930049000BA2205 /* SearchTableViewCell.swift in Sources */ = {isa = PBXBuildFile; fileRef = ED2BFE392930049000BA2205 /* SearchTableViewCell.swift */; };
		ED2BFE3C2930049000BA2205 /* SearchTableViewCell.xib in Resources */ = {isa = PBXBuildFile; fileRef = ED2BFE3A2930049000BA2205 /* SearchTableViewCell.xib */; };
		ED2BFE4229379FCC00BA2205 /* SearchHistory.swift in Sources */ = {isa = PBXBuildFile; fileRef = ED2BFE4129379FCC00BA2205 /* SearchHistory.swift */; };
		ED2BFE462937D50E00BA2205 /* SearchHistoryTableViewCell.swift in Sources */ = {isa = PBXBuildFile; fileRef = ED2BFE442937D50E00BA2205 /* SearchHistoryTableViewCell.swift */; };
		ED2BFE472937D50E00BA2205 /* SearchHistoryTableViewCell.xib in Resources */ = {isa = PBXBuildFile; fileRef = ED2BFE452937D50E00BA2205 /* SearchHistoryTableViewCell.xib */; };
		ED7D45A22927E6CD0095F7FE /* NewCustomTableViewCell.swift in Sources */ = {isa = PBXBuildFile; fileRef = ED7D45A02927E6CD0095F7FE /* NewCustomTableViewCell.swift */; };
		ED7D45A32927E6CD0095F7FE /* NewCustomTableViewCell.xib in Resources */ = {isa = PBXBuildFile; fileRef = ED7D45A12927E6CD0095F7FE /* NewCustomTableViewCell.xib */; };
		ED8E5A3A29229D1B009DCC32 /* AppDelegate.swift in Sources */ = {isa = PBXBuildFile; fileRef = ED8E5A3929229D1B009DCC32 /* AppDelegate.swift */; };
		ED8E5A3C29229D1B009DCC32 /* SceneDelegate.swift in Sources */ = {isa = PBXBuildFile; fileRef = ED8E5A3B29229D1B009DCC32 /* SceneDelegate.swift */; };
		ED8E5A3E29229D1B009DCC32 /* NewsViewController.swift in Sources */ = {isa = PBXBuildFile; fileRef = ED8E5A3D29229D1B009DCC32 /* NewsViewController.swift */; };
		ED8E5A4129229D1B009DCC32 /* Main.storyboard in Resources */ = {isa = PBXBuildFile; fileRef = ED8E5A3F29229D1B009DCC32 /* Main.storyboard */; };
		ED8E5A4329229D1D009DCC32 /* Assets.xcassets in Resources */ = {isa = PBXBuildFile; fileRef = ED8E5A4229229D1D009DCC32 /* Assets.xcassets */; };
		ED8E5A4629229D1D009DCC32 /* LaunchScreen.storyboard in Resources */ = {isa = PBXBuildFile; fileRef = ED8E5A4429229D1D009DCC32 /* LaunchScreen.storyboard */; };
		ED8E5A5029229D40009DCC32 /* APICaller.swift in Sources */ = {isa = PBXBuildFile; fileRef = ED8E5A4E29229D3F009DCC32 /* APICaller.swift */; };
		ED8E5A5129229D40009DCC32 /* APIreponse.swift in Sources */ = {isa = PBXBuildFile; fileRef = ED8E5A4F29229D40009DCC32 /* APIreponse.swift */; };
		ED9F603C292CE25D00273275 /* CustomTabBarController.swift in Sources */ = {isa = PBXBuildFile; fileRef = ED9F603B292CE25D00273275 /* CustomTabBarController.swift */; };
		EDC8F260292E24550054EB8E /* icons8-меню-36.png in Resources */ = {isa = PBXBuildFile; fileRef = EDC8F25F292E24550054EB8E /* icons8-меню-36.png */; };
		EDE0ED2F293A9DE700776AB0 /* Header.swift in Sources */ = {isa = PBXBuildFile; fileRef = EDE0ED2E293A9DE700776AB0 /* Header.swift */; };
		EDE0ED58293C9E5600776AB0 /* DataModel.xcdatamodeld in Sources */ = {isa = PBXBuildFile; fileRef = EDE0ED56293C9E5600776AB0 /* DataModel.xcdatamodeld */; };
		EDE4D9BB29295BE700C38D2A /* BookMarkTableViewCell.swift in Sources */ = {isa = PBXBuildFile; fileRef = EDE4D9BA29295BE700C38D2A /* BookMarkTableViewCell.swift */; };
		EDE4D9BF2929745600C38D2A /* SearchNewsController.swift in Sources */ = {isa = PBXBuildFile; fileRef = EDE4D9BE2929745600C38D2A /* SearchNewsController.swift */; };
		EDE4D9C12929755600C38D2A /* BookmarkViewController.swift in Sources */ = {isa = PBXBuildFile; fileRef = EDE4D9C02929755600C38D2A /* BookmarkViewController.swift */; };
/* End PBXBuildFile section */

/* Begin PBXFileReference section */
		06E0FD34541B626E5480C716 /* Pods_News.framework */ = {isa = PBXFileReference; explicitFileType = wrapper.framework; includeInIndex = 0; path = Pods_News.framework; sourceTree = BUILT_PRODUCTS_DIR; };
		23366E1FE2E02F66C8C9DAF6 /* Pods-News.debug.xcconfig */ = {isa = PBXFileReference; includeInIndex = 1; lastKnownFileType = text.xcconfig; name = "Pods-News.debug.xcconfig"; path = "Target Support Files/Pods-News/Pods-News.debug.xcconfig"; sourceTree = "<group>"; };
		415DDC19AD87C6FAD3530E41 /* Pods-News.release.xcconfig */ = {isa = PBXFileReference; includeInIndex = 1; lastKnownFileType = text.xcconfig; name = "Pods-News.release.xcconfig"; path = "Target Support Files/Pods-News/Pods-News.release.xcconfig"; sourceTree = "<group>"; };
		ED2BFE392930049000BA2205 /* SearchTableViewCell.swift */ = {isa = PBXFileReference; lastKnownFileType = sourcecode.swift; path = SearchTableViewCell.swift; sourceTree = "<group>"; };
		ED2BFE3A2930049000BA2205 /* SearchTableViewCell.xib */ = {isa = PBXFileReference; lastKnownFileType = file.xib; path = SearchTableViewCell.xib; sourceTree = "<group>"; };
		ED2BFE4129379FCC00BA2205 /* SearchHistory.swift */ = {isa = PBXFileReference; lastKnownFileType = sourcecode.swift; path = SearchHistory.swift; sourceTree = "<group>"; };
		ED2BFE442937D50E00BA2205 /* SearchHistoryTableViewCell.swift */ = {isa = PBXFileReference; lastKnownFileType = sourcecode.swift; path = SearchHistoryTableViewCell.swift; sourceTree = "<group>"; };
		ED2BFE452937D50E00BA2205 /* SearchHistoryTableViewCell.xib */ = {isa = PBXFileReference; lastKnownFileType = file.xib; path = SearchHistoryTableViewCell.xib; sourceTree = "<group>"; };
		ED7D45A02927E6CD0095F7FE /* NewCustomTableViewCell.swift */ = {isa = PBXFileReference; lastKnownFileType = sourcecode.swift; path = NewCustomTableViewCell.swift; sourceTree = "<group>"; };
		ED7D45A12927E6CD0095F7FE /* NewCustomTableViewCell.xib */ = {isa = PBXFileReference; lastKnownFileType = file.xib; path = NewCustomTableViewCell.xib; sourceTree = "<group>"; };
		ED8E5A3629229D1B009DCC32 /* News.app */ = {isa = PBXFileReference; explicitFileType = wrapper.application; includeInIndex = 0; path = News.app; sourceTree = BUILT_PRODUCTS_DIR; };
		ED8E5A3929229D1B009DCC32 /* AppDelegate.swift */ = {isa = PBXFileReference; lastKnownFileType = sourcecode.swift; path = AppDelegate.swift; sourceTree = "<group>"; };
		ED8E5A3B29229D1B009DCC32 /* SceneDelegate.swift */ = {isa = PBXFileReference; lastKnownFileType = sourcecode.swift; path = SceneDelegate.swift; sourceTree = "<group>"; };
		ED8E5A3D29229D1B009DCC32 /* NewsViewController.swift */ = {isa = PBXFileReference; lastKnownFileType = sourcecode.swift; path = NewsViewController.swift; sourceTree = "<group>"; };
		ED8E5A4029229D1B009DCC32 /* Base */ = {isa = PBXFileReference; lastKnownFileType = file.storyboard; name = Base; path = Base.lproj/Main.storyboard; sourceTree = "<group>"; };
		ED8E5A4229229D1D009DCC32 /* Assets.xcassets */ = {isa = PBXFileReference; lastKnownFileType = folder.assetcatalog; path = Assets.xcassets; sourceTree = "<group>"; };
		ED8E5A4529229D1D009DCC32 /* Base */ = {isa = PBXFileReference; lastKnownFileType = file.storyboard; name = Base; path = Base.lproj/LaunchScreen.storyboard; sourceTree = "<group>"; };
		ED8E5A4729229D1D009DCC32 /* Info.plist */ = {isa = PBXFileReference; lastKnownFileType = text.plist.xml; path = Info.plist; sourceTree = "<group>"; };
		ED8E5A4E29229D3F009DCC32 /* APICaller.swift */ = {isa = PBXFileReference; fileEncoding = 4; lastKnownFileType = sourcecode.swift; path = APICaller.swift; sourceTree = "<group>"; };
		ED8E5A4F29229D40009DCC32 /* APIreponse.swift */ = {isa = PBXFileReference; fileEncoding = 4; lastKnownFileType = sourcecode.swift; path = APIreponse.swift; sourceTree = "<group>"; };
		ED9F603B292CE25D00273275 /* CustomTabBarController.swift */ = {isa = PBXFileReference; lastKnownFileType = sourcecode.swift; path = CustomTabBarController.swift; sourceTree = "<group>"; };
		EDC8F25F292E24550054EB8E /* icons8-меню-36.png */ = {isa = PBXFileReference; lastKnownFileType = image.png; path = "icons8-меню-36.png"; sourceTree = "<group>"; };
		EDE0ED2E293A9DE700776AB0 /* Header.swift */ = {isa = PBXFileReference; lastKnownFileType = sourcecode.swift; path = Header.swift; sourceTree = "<group>"; };
		EDE0ED57293C9E5600776AB0 /* DataModel.xcdatamodel */ = {isa = PBXFileReference; lastKnownFileType = wrapper.xcdatamodel; path = DataModel.xcdatamodel; sourceTree = "<group>"; };
		EDE4D9BA29295BE700C38D2A /* BookMarkTableViewCell.swift */ = {isa = PBXFileReference; lastKnownFileType = sourcecode.swift; path = BookMarkTableViewCell.swift; sourceTree = "<group>"; };
		EDE4D9BE2929745600C38D2A /* SearchNewsController.swift */ = {isa = PBXFileReference; lastKnownFileType = sourcecode.swift; path = SearchNewsController.swift; sourceTree = "<group>"; };
		EDE4D9C02929755600C38D2A /* BookmarkViewController.swift */ = {isa = PBXFileReference; lastKnownFileType = sourcecode.swift; path = BookmarkViewController.swift; sourceTree = "<group>"; };
/* End PBXFileReference section */

/* Begin PBXFrameworksBuildPhase section */
		ED8E5A3329229D1B009DCC32 /* Frameworks */ = {
			isa = PBXFrameworksBuildPhase;
			buildActionMask = 2147483647;
			files = (
				D043D932A0C6DF2BE9DE9266 /* Pods_News.framework in Frameworks */,
			);
			runOnlyForDeploymentPostprocessing = 0;
		};
/* End PBXFrameworksBuildPhase section */

/* Begin PBXGroup section */
		0654C056B8D9658BB29A603B /* Frameworks */ = {
			isa = PBXGroup;
			children = (
				06E0FD34541B626E5480C716 /* Pods_News.framework */,
			);
			name = Frameworks;
			sourceTree = "<group>";
		};
		364D438787CDFBFBDADC5945 /* Pods */ = {
			isa = PBXGroup;
			children = (
				23366E1FE2E02F66C8C9DAF6 /* Pods-News.debug.xcconfig */,
				415DDC19AD87C6FAD3530E41 /* Pods-News.release.xcconfig */,
			);
			path = Pods;
			sourceTree = "<group>";
		};
		ED2BFE432937D4D100BA2205 /* Search  History */ = {
			isa = PBXGroup;
			children = (
				EDE0ED2E293A9DE700776AB0 /* Header.swift */,
				ED2BFE442937D50E00BA2205 /* SearchHistoryTableViewCell.swift */,
				ED2BFE452937D50E00BA2205 /* SearchHistoryTableViewCell.xib */,
			);
			path = "Search  History";
			sourceTree = "<group>";
		};
		ED8E5A2D29229D1B009DCC32 = {
			isa = PBXGroup;
			children = (
				ED8E5A3829229D1B009DCC32 /* News */,
				ED8E5A3729229D1B009DCC32 /* Products */,
				364D438787CDFBFBDADC5945 /* Pods */,
				0654C056B8D9658BB29A603B /* Frameworks */,
			);
			sourceTree = "<group>";
		};
		ED8E5A3729229D1B009DCC32 /* Products */ = {
			isa = PBXGroup;
			children = (
				ED8E5A3629229D1B009DCC32 /* News.app */,
			);
			name = Products;
			sourceTree = "<group>";
		};
		ED8E5A3829229D1B009DCC32 /* News */ = {
			isa = PBXGroup;
			children = (
				ED8E5A3929229D1B009DCC32 /* AppDelegate.swift */,
				ED8E5A3B29229D1B009DCC32 /* SceneDelegate.swift */,
				ED8E5A4D29229D28009DCC32 /* Model */,
				ED8E5A542922A0BD009DCC32 /* Views */,
				ED8E5A5229229D4C009DCC32 /* Controllers */,
				ED8E5A4229229D1D009DCC32 /* Assets.xcassets */,
				EDC8F25F292E24550054EB8E /* icons8-меню-36.png */,
				ED8E5A4429229D1D009DCC32 /* LaunchScreen.storyboard */,
				ED8E5A4729229D1D009DCC32 /* Info.plist */,
			);
			path = News;
			sourceTree = "<group>";
		};
		ED8E5A4D29229D28009DCC32 /* Model */ = {
			isa = PBXGroup;
			children = (
				ED8E5A4F29229D40009DCC32 /* APIreponse.swift */,
				ED8E5A4E29229D3F009DCC32 /* APICaller.swift */,
				ED2BFE4129379FCC00BA2205 /* SearchHistory.swift */,
				EDE0ED56293C9E5600776AB0 /* DataModel.xcdatamodeld */,
			);
			path = Model;
			sourceTree = "<group>";
		};
		ED8E5A5229229D4C009DCC32 /* Controllers */ = {
			isa = PBXGroup;
			children = (
				ED8E5A3D29229D1B009DCC32 /* NewsViewController.swift */,
				ED7D45A02927E6CD0095F7FE /* NewCustomTableViewCell.swift */,
				ED7D45A12927E6CD0095F7FE /* NewCustomTableViewCell.xib */,
				ED9F603B292CE25D00273275 /* CustomTabBarController.swift */,
				EDE4D9BC292973DE00C38D2A /* Search For News */,
				EDE4D9BD292973FC00C38D2A /* Bookmark */,
			);
			path = Controllers;
			sourceTree = "<group>";
		};
		ED8E5A542922A0BD009DCC32 /* Views */ = {
			isa = PBXGroup;
			children = (
				ED8E5A3F29229D1B009DCC32 /* Main.storyboard */,
			);
			path = Views;
			sourceTree = "<group>";
		};
		EDE4D9BC292973DE00C38D2A /* Search For News */ = {
			isa = PBXGroup;
			children = (
				ED2BFE432937D4D100BA2205 /* Search  History */,
				EDE4D9BE2929745600C38D2A /* SearchNewsController.swift */,
				ED2BFE392930049000BA2205 /* SearchTableViewCell.swift */,
				ED2BFE3A2930049000BA2205 /* SearchTableViewCell.xib */,
			);
			path = "Search For News";
			sourceTree = "<group>";
		};
		EDE4D9BD292973FC00C38D2A /* Bookmark */ = {
			isa = PBXGroup;
			children = (
				EDE4D9BA29295BE700C38D2A /* BookMarkTableViewCell.swift */,
				EDE4D9C02929755600C38D2A /* BookmarkViewController.swift */,
			);
			path = Bookmark;
			sourceTree = "<group>";
		};
/* End PBXGroup section */

/* Begin PBXNativeTarget section */
		ED8E5A3529229D1B009DCC32 /* News */ = {
			isa = PBXNativeTarget;
			buildConfigurationList = ED8E5A4A29229D1D009DCC32 /* Build configuration list for PBXNativeTarget "News" */;
			buildPhases = (
				112F8A581910F23FE38647B4 /* [CP] Check Pods Manifest.lock */,
				ED8E5A3229229D1B009DCC32 /* Sources */,
				ED8E5A3329229D1B009DCC32 /* Frameworks */,
				ED8E5A3429229D1B009DCC32 /* Resources */,
				952B05C2DB7F4A97A47CF67E /* [CP] Embed Pods Frameworks */,
			);
			buildRules = (
			);
			dependencies = (
			);
			name = News;
			productName = News;
			productReference = ED8E5A3629229D1B009DCC32 /* News.app */;
			productType = "com.apple.product-type.application";
		};
/* End PBXNativeTarget section */

/* Begin PBXProject section */
		ED8E5A2E29229D1B009DCC32 /* Project object */ = {
			isa = PBXProject;
			attributes = {
				BuildIndependentTargetsInParallel = 1;
				LastSwiftUpdateCheck = 1410;
				LastUpgradeCheck = 1410;
				TargetAttributes = {
					ED8E5A3529229D1B009DCC32 = {
						CreatedOnToolsVersion = 14.1;
					};
				};
			};
			buildConfigurationList = ED8E5A3129229D1B009DCC32 /* Build configuration list for PBXProject "News" */;
			compatibilityVersion = "Xcode 14.0";
			developmentRegion = en;
			hasScannedForEncodings = 0;
			knownRegions = (
				en,
				Base,
			);
			mainGroup = ED8E5A2D29229D1B009DCC32;
			productRefGroup = ED8E5A3729229D1B009DCC32 /* Products */;
			projectDirPath = "";
			projectRoot = "";
			targets = (
				ED8E5A3529229D1B009DCC32 /* News */,
			);
		};
/* End PBXProject section */

/* Begin PBXResourcesBuildPhase section */
		ED8E5A3429229D1B009DCC32 /* Resources */ = {
			isa = PBXResourcesBuildPhase;
			buildActionMask = 2147483647;
			files = (
				ED8E5A4629229D1D009DCC32 /* LaunchScreen.storyboard in Resources */,
				ED8E5A4329229D1D009DCC32 /* Assets.xcassets in Resources */,
				EDC8F260292E24550054EB8E /* icons8-меню-36.png in Resources */,
				ED8E5A4129229D1B009DCC32 /* Main.storyboard in Resources */,
				ED7D45A32927E6CD0095F7FE /* NewCustomTableViewCell.xib in Resources */,
				ED2BFE472937D50E00BA2205 /* SearchHistoryTableViewCell.xib in Resources */,
				ED2BFE3C2930049000BA2205 /* SearchTableViewCell.xib in Resources */,
			);
			runOnlyForDeploymentPostprocessing = 0;
		};
/* End PBXResourcesBuildPhase section */

/* Begin PBXShellScriptBuildPhase section */
		112F8A581910F23FE38647B4 /* [CP] Check Pods Manifest.lock */ = {
			isa = PBXShellScriptBuildPhase;
			buildActionMask = 2147483647;
			files = (
			);
			inputFileListPaths = (
			);
			inputPaths = (
				"${PODS_PODFILE_DIR_PATH}/Podfile.lock",
				"${PODS_ROOT}/Manifest.lock",
			);
			name = "[CP] Check Pods Manifest.lock";
			outputFileListPaths = (
			);
			outputPaths = (
				"$(DERIVED_FILE_DIR)/Pods-News-checkManifestLockResult.txt",
			);
			runOnlyForDeploymentPostprocessing = 0;
			shellPath = /bin/sh;
			shellScript = "diff \"${PODS_PODFILE_DIR_PATH}/Podfile.lock\" \"${PODS_ROOT}/Manifest.lock\" > /dev/null\nif [ $? != 0 ] ; then\n    # print error to STDERR\n    echo \"error: The sandbox is not in sync with the Podfile.lock. Run 'pod install' or update your CocoaPods installation.\" >&2\n    exit 1\nfi\n# This output is used by Xcode 'outputs' to avoid re-running this script phase.\necho \"SUCCESS\" > \"${SCRIPT_OUTPUT_FILE_0}\"\n";
			showEnvVarsInLog = 0;
		};
		952B05C2DB7F4A97A47CF67E /* [CP] Embed Pods Frameworks */ = {
			isa = PBXShellScriptBuildPhase;
			buildActionMask = 2147483647;
			files = (
			);
			inputFileListPaths = (
				"${PODS_ROOT}/Target Support Files/Pods-News/Pods-News-frameworks-${CONFIGURATION}-input-files.xcfilelist",
			);
			name = "[CP] Embed Pods Frameworks";
			outputFileListPaths = (
				"${PODS_ROOT}/Target Support Files/Pods-News/Pods-News-frameworks-${CONFIGURATION}-output-files.xcfilelist",
			);
			runOnlyForDeploymentPostprocessing = 0;
			shellPath = /bin/sh;
			shellScript = "\"${PODS_ROOT}/Target Support Files/Pods-News/Pods-News-frameworks.sh\"\n";
			showEnvVarsInLog = 0;
		};
/* End PBXShellScriptBuildPhase section */

/* Begin PBXSourcesBuildPhase section */
		ED8E5A3229229D1B009DCC32 /* Sources */ = {
			isa = PBXSourcesBuildPhase;
			buildActionMask = 2147483647;
			files = (
				ED8E5A5029229D40009DCC32 /* APICaller.swift in Sources */,
				ED8E5A3E29229D1B009DCC32 /* NewsViewController.swift in Sources */,
				ED8E5A3A29229D1B009DCC32 /* AppDelegate.swift in Sources */,
				ED2BFE4229379FCC00BA2205 /* SearchHistory.swift in Sources */,
				ED7D45A22927E6CD0095F7FE /* NewCustomTableViewCell.swift in Sources */,
				ED2BFE462937D50E00BA2205 /* SearchHistoryTableViewCell.swift in Sources */,
				EDE0ED58293C9E5600776AB0 /* DataModel.xcdatamodeld in Sources */,
				ED2BFE3B2930049000BA2205 /* SearchTableViewCell.swift in Sources */,
				EDE4D9C12929755600C38D2A /* BookmarkViewController.swift in Sources */,
				ED9F603C292CE25D00273275 /* CustomTabBarController.swift in Sources */,
				ED8E5A5129229D40009DCC32 /* APIreponse.swift in Sources */,
				EDE0ED2F293A9DE700776AB0 /* Header.swift in Sources */,
				EDE4D9BF2929745600C38D2A /* SearchNewsController.swift in Sources */,
				ED8E5A3C29229D1B009DCC32 /* SceneDelegate.swift in Sources */,
				EDE4D9BB29295BE700C38D2A /* BookMarkTableViewCell.swift in Sources */,
			);
			runOnlyForDeploymentPostprocessing = 0;
		};
/* End PBXSourcesBuildPhase section */

/* Begin PBXVariantGroup section */
		ED8E5A3F29229D1B009DCC32 /* Main.storyboard */ = {
			isa = PBXVariantGroup;
			children = (
				ED8E5A4029229D1B009DCC32 /* Base */,
			);
			name = Main.storyboard;
			sourceTree = "<group>";
		};
		ED8E5A4429229D1D009DCC32 /* LaunchScreen.storyboard */ = {
			isa = PBXVariantGroup;
			children = (
				ED8E5A4529229D1D009DCC32 /* Base */,
			);
			name = LaunchScreen.storyboard;
			sourceTree = "<group>";
		};
/* End PBXVariantGroup section */

/* Begin XCBuildConfiguration section */
		ED8E5A4829229D1D009DCC32 /* Debug */ = {
			isa = XCBuildConfiguration;
			buildSettings = {
				ALWAYS_SEARCH_USER_PATHS = NO;
				CLANG_ANALYZER_NONNULL = YES;
				CLANG_ANALYZER_NUMBER_OBJECT_CONVERSION = YES_AGGRESSIVE;
				CLANG_CXX_LANGUAGE_STANDARD = "gnu++20";
				CLANG_ENABLE_MODULES = YES;
				CLANG_ENABLE_OBJC_ARC = YES;
				CLANG_ENABLE_OBJC_WEAK = YES;
				CLANG_WARN_BLOCK_CAPTURE_AUTORELEASING = YES;
				CLANG_WARN_BOOL_CONVERSION = YES;
				CLANG_WARN_COMMA = YES;
				CLANG_WARN_CONSTANT_CONVERSION = YES;
				CLANG_WARN_DEPRECATED_OBJC_IMPLEMENTATIONS = YES;
				CLANG_WARN_DIRECT_OBJC_ISA_USAGE = YES_ERROR;
				CLANG_WARN_DOCUMENTATION_COMMENTS = YES;
				CLANG_WARN_EMPTY_BODY = YES;
				CLANG_WARN_ENUM_CONVERSION = YES;
				CLANG_WARN_INFINITE_RECURSION = YES;
				CLANG_WARN_INT_CONVERSION = YES;
				CLANG_WARN_NON_LITERAL_NULL_CONVERSION = YES;
				CLANG_WARN_OBJC_IMPLICIT_RETAIN_SELF = YES;
				CLANG_WARN_OBJC_LITERAL_CONVERSION = YES;
				CLANG_WARN_OBJC_ROOT_CLASS = YES_ERROR;
				CLANG_WARN_QUOTED_INCLUDE_IN_FRAMEWORK_HEADER = YES;
				CLANG_WARN_RANGE_LOOP_ANALYSIS = YES;
				CLANG_WARN_STRICT_PROTOTYPES = YES;
				CLANG_WARN_SUSPICIOUS_MOVE = YES;
				CLANG_WARN_UNGUARDED_AVAILABILITY = YES_AGGRESSIVE;
				CLANG_WARN_UNREACHABLE_CODE = YES;
				CLANG_WARN__DUPLICATE_METHOD_MATCH = YES;
				COPY_PHASE_STRIP = NO;
				DEBUG_INFORMATION_FORMAT = dwarf;
				ENABLE_STRICT_OBJC_MSGSEND = YES;
				ENABLE_TESTABILITY = YES;
				GCC_C_LANGUAGE_STANDARD = gnu11;
				GCC_DYNAMIC_NO_PIC = NO;
				GCC_NO_COMMON_BLOCKS = YES;
				GCC_OPTIMIZATION_LEVEL = 0;
				GCC_PREPROCESSOR_DEFINITIONS = (
					"DEBUG=1",
					"$(inherited)",
				);
				GCC_WARN_64_TO_32_BIT_CONVERSION = YES;
				GCC_WARN_ABOUT_RETURN_TYPE = YES_ERROR;
				GCC_WARN_UNDECLARED_SELECTOR = YES;
				GCC_WARN_UNINITIALIZED_AUTOS = YES_AGGRESSIVE;
				GCC_WARN_UNUSED_FUNCTION = YES;
				GCC_WARN_UNUSED_VARIABLE = YES;
				IPHONEOS_DEPLOYMENT_TARGET = 16.1;
				MTL_ENABLE_DEBUG_INFO = INCLUDE_SOURCE;
				MTL_FAST_MATH = YES;
				ONLY_ACTIVE_ARCH = YES;
				SDKROOT = iphoneos;
				SWIFT_ACTIVE_COMPILATION_CONDITIONS = DEBUG;
				SWIFT_OPTIMIZATION_LEVEL = "-Onone";
			};
			name = Debug;
		};
		ED8E5A4929229D1D009DCC32 /* Release */ = {
			isa = XCBuildConfiguration;
			buildSettings = {
				ALWAYS_SEARCH_USER_PATHS = NO;
				CLANG_ANALYZER_NONNULL = YES;
				CLANG_ANALYZER_NUMBER_OBJECT_CONVERSION = YES_AGGRESSIVE;
				CLANG_CXX_LANGUAGE_STANDARD = "gnu++20";
				CLANG_ENABLE_MODULES = YES;
				CLANG_ENABLE_OBJC_ARC = YES;
				CLANG_ENABLE_OBJC_WEAK = YES;
				CLANG_WARN_BLOCK_CAPTURE_AUTORELEASING = YES;
				CLANG_WARN_BOOL_CONVERSION = YES;
				CLANG_WARN_COMMA = YES;
				CLANG_WARN_CONSTANT_CONVERSION = YES;
				CLANG_WARN_DEPRECATED_OBJC_IMPLEMENTATIONS = YES;
				CLANG_WARN_DIRECT_OBJC_ISA_USAGE = YES_ERROR;
				CLANG_WARN_DOCUMENTATION_COMMENTS = YES;
				CLANG_WARN_EMPTY_BODY = YES;
				CLANG_WARN_ENUM_CONVERSION = YES;
				CLANG_WARN_INFINITE_RECURSION = YES;
				CLANG_WARN_INT_CONVERSION = YES;
				CLANG_WARN_NON_LITERAL_NULL_CONVERSION = YES;
				CLANG_WARN_OBJC_IMPLICIT_RETAIN_SELF = YES;
				CLANG_WARN_OBJC_LITERAL_CONVERSION = YES;
				CLANG_WARN_OBJC_ROOT_CLASS = YES_ERROR;
				CLANG_WARN_QUOTED_INCLUDE_IN_FRAMEWORK_HEADER = YES;
				CLANG_WARN_RANGE_LOOP_ANALYSIS = YES;
				CLANG_WARN_STRICT_PROTOTYPES = YES;
				CLANG_WARN_SUSPICIOUS_MOVE = YES;
				CLANG_WARN_UNGUARDED_AVAILABILITY = YES_AGGRESSIVE;
				CLANG_WARN_UNREACHABLE_CODE = YES;
				CLANG_WARN__DUPLICATE_METHOD_MATCH = YES;
				COPY_PHASE_STRIP = NO;
				DEBUG_INFORMATION_FORMAT = "dwarf-with-dsym";
				ENABLE_NS_ASSERTIONS = NO;
				ENABLE_STRICT_OBJC_MSGSEND = YES;
				GCC_C_LANGUAGE_STANDARD = gnu11;
				GCC_NO_COMMON_BLOCKS = YES;
				GCC_WARN_64_TO_32_BIT_CONVERSION = YES;
				GCC_WARN_ABOUT_RETURN_TYPE = YES_ERROR;
				GCC_WARN_UNDECLARED_SELECTOR = YES;
				GCC_WARN_UNINITIALIZED_AUTOS = YES_AGGRESSIVE;
				GCC_WARN_UNUSED_FUNCTION = YES;
				GCC_WARN_UNUSED_VARIABLE = YES;
				IPHONEOS_DEPLOYMENT_TARGET = 16.1;
				MTL_ENABLE_DEBUG_INFO = NO;
				MTL_FAST_MATH = YES;
				SDKROOT = iphoneos;
				SWIFT_COMPILATION_MODE = wholemodule;
				SWIFT_OPTIMIZATION_LEVEL = "-O";
				VALIDATE_PRODUCT = YES;
			};
			name = Release;
		};
		ED8E5A4B29229D1D009DCC32 /* Debug */ = {
			isa = XCBuildConfiguration;
			baseConfigurationReference = 23366E1FE2E02F66C8C9DAF6 /* Pods-News.debug.xcconfig */;
			buildSettings = {
				ASSETCATALOG_COMPILER_APPICON_NAME = AppIcon;
				ASSETCATALOG_COMPILER_GLOBAL_ACCENT_COLOR_NAME = AccentColor;
				CODE_SIGN_STYLE = Automatic;
				CURRENT_PROJECT_VERSION = 1;
				DEVELOPMENT_TEAM = 733XWR5Y23;
				GENERATE_INFOPLIST_FILE = YES;
				INFOPLIST_FILE = News/Info.plist;
				INFOPLIST_KEY_UIApplicationSupportsIndirectInputEvents = YES;
				INFOPLIST_KEY_UILaunchStoryboardName = LaunchScreen;
				INFOPLIST_KEY_UIMainStoryboardFile = Main;
				INFOPLIST_KEY_UISupportedInterfaceOrientations_iPad = "UIInterfaceOrientationPortrait UIInterfaceOrientationPortraitUpsideDown UIInterfaceOrientationLandscapeLeft UIInterfaceOrientationLandscapeRight";
				INFOPLIST_KEY_UISupportedInterfaceOrientations_iPhone = "UIInterfaceOrientationPortrait UIInterfaceOrientationLandscapeLeft UIInterfaceOrientationLandscapeRight";
				IPHONEOS_DEPLOYMENT_TARGET = 15.0;
				LD_RUNPATH_SEARCH_PATHS = (
					"$(inherited)",
					"@executable_path/Frameworks",
				);
				MARKETING_VERSION = 1.0;
				PRODUCT_BUNDLE_IDENTIFIER = com.aclinaev.News;
				PRODUCT_NAME = "$(TARGET_NAME)";
				SWIFT_EMIT_LOC_STRINGS = YES;
				SWIFT_VERSION = 5.0;
				TARGETED_DEVICE_FAMILY = "1,2";
			};
			name = Debug;
		};
		ED8E5A4C29229D1D009DCC32 /* Release */ = {
			isa = XCBuildConfiguration;
			baseConfigurationReference = 415DDC19AD87C6FAD3530E41 /* Pods-News.release.xcconfig */;
			buildSettings = {
				ASSETCATALOG_COMPILER_APPICON_NAME = AppIcon;
				ASSETCATALOG_COMPILER_GLOBAL_ACCENT_COLOR_NAME = AccentColor;
				CODE_SIGN_STYLE = Automatic;
				CURRENT_PROJECT_VERSION = 1;
				DEVELOPMENT_TEAM = 733XWR5Y23;
				GENERATE_INFOPLIST_FILE = YES;
				INFOPLIST_FILE = News/Info.plist;
				INFOPLIST_KEY_UIApplicationSupportsIndirectInputEvents = YES;
				INFOPLIST_KEY_UILaunchStoryboardName = LaunchScreen;
				INFOPLIST_KEY_UIMainStoryboardFile = Main;
				INFOPLIST_KEY_UISupportedInterfaceOrientations_iPad = "UIInterfaceOrientationPortrait UIInterfaceOrientationPortraitUpsideDown UIInterfaceOrientationLandscapeLeft UIInterfaceOrientationLandscapeRight";
				INFOPLIST_KEY_UISupportedInterfaceOrientations_iPhone = "UIInterfaceOrientationPortrait UIInterfaceOrientationLandscapeLeft UIInterfaceOrientationLandscapeRight";
				IPHONEOS_DEPLOYMENT_TARGET = 15.0;
				LD_RUNPATH_SEARCH_PATHS = (
					"$(inherited)",
					"@executable_path/Frameworks",
				);
				MARKETING_VERSION = 1.0;
				PRODUCT_BUNDLE_IDENTIFIER = com.aclinaev.News;
				PRODUCT_NAME = "$(TARGET_NAME)";
				SWIFT_EMIT_LOC_STRINGS = YES;
				SWIFT_VERSION = 5.0;
				TARGETED_DEVICE_FAMILY = "1,2";
			};
			name = Release;
		};
/* End XCBuildConfiguration section */

/* Begin XCConfigurationList section */
		ED8E5A3129229D1B009DCC32 /* Build configuration list for PBXProject "News" */ = {
			isa = XCConfigurationList;
			buildConfigurations = (
				ED8E5A4829229D1D009DCC32 /* Debug */,
				ED8E5A4929229D1D009DCC32 /* Release */,
			);
			defaultConfigurationIsVisible = 0;
			defaultConfigurationName = Release;
		};
		ED8E5A4A29229D1D009DCC32 /* Build configuration list for PBXNativeTarget "News" */ = {
			isa = XCConfigurationList;
			buildConfigurations = (
				ED8E5A4B29229D1D009DCC32 /* Debug */,
				ED8E5A4C29229D1D009DCC32 /* Release */,
			);
			defaultConfigurationIsVisible = 0;
			defaultConfigurationName = Release;
		};
/* End XCConfigurationList section */

/* Begin XCVersionGroup section */
		EDE0ED56293C9E5600776AB0 /* DataModel.xcdatamodeld */ = {
			isa = XCVersionGroup;
			children = (
				EDE0ED57293C9E5600776AB0 /* DataModel.xcdatamodel */,
			);
			currentVersion = EDE0ED57293C9E5600776AB0 /* DataModel.xcdatamodel */;
			path = DataModel.xcdatamodeld;
			sourceTree = "<group>";
			versionGroupType = wrapper.xcdatamodel;
		};
/* End XCVersionGroup section */
	};
	rootObject = ED8E5A2E29229D1B009DCC32 /* Project object */;
}
