// !$*UTF8*$!
{
	archiveVersion = 1;
	classes = {
	};
	objectVersion = 56;
	objects = {

/* Begin PBXBuildFile section */
		ED7D459E2927DABC0095F7FE /* CustomTableViewCell.swift in Sources */ = {isa = PBXBuildFile; fileRef = ED7D459C2927DABC0095F7FE /* CustomTableViewCell.swift */; };
		ED7D459F2927DABC0095F7FE /* CustomTableViewCell.xib in Resources */ = {isa = PBXBuildFile; fileRef = ED7D459D2927DABC0095F7FE /* CustomTableViewCell.xib */; };
		ED8E5A3A29229D1B009DCC32 /* AppDelegate.swift in Sources */ = {isa = PBXBuildFile; fileRef = ED8E5A3929229D1B009DCC32 /* AppDelegate.swift */; };
		ED8E5A3C29229D1B009DCC32 /* SceneDelegate.swift in Sources */ = {isa = PBXBuildFile; fileRef = ED8E5A3B29229D1B009DCC32 /* SceneDelegate.swift */; };
		ED8E5A3E29229D1B009DCC32 /* NewsViewController.swift in Sources */ = {isa = PBXBuildFile; fileRef = ED8E5A3D29229D1B009DCC32 /* NewsViewController.swift */; };
		ED8E5A4129229D1B009DCC32 /* Main.storyboard in Resources */ = {isa = PBXBuildFile; fileRef = ED8E5A3F29229D1B009DCC32 /* Main.storyboard */; };
		ED8E5A4329229D1D009DCC32 /* Assets.xcassets in Resources */ = {isa = PBXBuildFile; fileRef = ED8E5A4229229D1D009DCC32 /* Assets.xcassets */; };
		ED8E5A4629229D1D009DCC32 /* LaunchScreen.storyboard in Resources */ = {isa = PBXBuildFile; fileRef = ED8E5A4429229D1D009DCC32 /* LaunchScreen.storyboard */; };
		ED8E5A5029229D40009DCC32 /* APICaller.swift in Sources */ = {isa = PBXBuildFile; fileRef = ED8E5A4E29229D3F009DCC32 /* APICaller.swift */; };
		ED8E5A5129229D40009DCC32 /* APIreponse.swift in Sources */ = {isa = PBXBuildFile; fileRef = ED8E5A4F29229D40009DCC32 /* APIreponse.swift */; };
/* End PBXBuildFile section */

/* Begin PBXFileReference section */
		ED7D459C2927DABC0095F7FE /* CustomTableViewCell.swift */ = {isa = PBXFileReference; lastKnownFileType = sourcecode.swift; path = CustomTableViewCell.swift; sourceTree = "<group>"; };
		ED7D459D2927DABC0095F7FE /* CustomTableViewCell.xib */ = {isa = PBXFileReference; lastKnownFileType = file.xib; path = CustomTableViewCell.xib; sourceTree = "<group>"; };
		ED8E5A3629229D1B009DCC32 /* News.app */ = {isa = PBXFileReference; explicitFileType = wrapper.application; includeInIndex = 0; path = News.app; sourceTree = BUILT_PRODUCTS_DIR; };
		ED8E5A3929229D1B009DCC32 /* AppDelegate.swift */ = {isa = PBXFileReference; lastKnownFileType = sourcecode.swift; path = AppDelegate.swift; sourceTree = "<group>"; };
		ED8E5A3B29229D1B009DCC32 /* SceneDelegate.swift */ = {isa = PBXFileReference; lastKnownFileType = sourcecode.swift; path = SceneDelegate.swift; sourceTree = "<group>"; };
		ED8E5A3D29229D1B009DCC32 /* NewsViewController.swift */ = {isa = PBXFileReference; lastKnownFileType = sourcecode.swift; path = NewsViewController.swift; sourceTree = "<group>"; };
		ED8E5A4029229D1B009DCC32 /* Base */ = {isa = PBXFileReference; lastKnownFileType = file.storyboard; name = Base; path = Base.lproj/Main.storyboard; sourceTree = "<group>"; };
		ED8E5A4229229D1D009DCC32 /* Assets.xcassets */ = {isa = PBXFileReference; lastKnownFileType = folder.assetcatalog; path = Assets.xcassets; sourceTree = "<group>"; };
		ED8E5A4529229D1D009DCC32 /* Base */ = {isa = PBXFileReference; lastKnownFileType = file.storyboard; name = Base; path = Base.lproj/LaunchScreen.storyboard; sourceTree = "<group>"; };
		ED8E5A4729229D1D009DCC32 /* Info.plist */ = {isa = PBXFileReference; lastKnownFileType = text.plist.xml; path = Info.plist; sourceTree = "<group>"; };
		ED8E5A4E29229D3F009DCC32 /* APICaller.swift */ = {isa = PBXFileReference; fileEncoding = 4; lastKnownFileType = sourcecode.swift; path = APICaller.swift; sourceTree = "<group>"; };
		ED8E5A4F29229D40009DCC32 /* APIreponse.swift */ = {isa = PBXFileReference; fileEncoding = 4; lastKnownFileType = sourcecode.swift; path = APIreponse.swift; sourceTree = "<group>"; };
/* End PBXFileReference section */

/* Begin PBXFrameworksBuildPhase section */
		ED8E5A3329229D1B009DCC32 /* Frameworks */ = {
			isa = PBXFrameworksBuildPhase;
			buildActionMask = 2147483647;
			files = (
			);
			runOnlyForDeploymentPostprocessing = 0;
		};
/* End PBXFrameworksBuildPhase section */

/* Begin PBXGroup section */
		ED8E5A2D29229D1B009DCC32 = {
			isa = PBXGroup;
			children = (
				ED8E5A3829229D1B009DCC32 /* News */,
				ED8E5A3729229D1B009DCC32 /* Products */,
			);
			sourceTree = "<group>";
		};
		ED8E5A3729229D1B009DCC32 /* Products */ = {
			isa = PBXGroup;
			children = (
				ED8E5A3629229D1B009DCC32 /* News.app */,
			);
			name = Products;
			sourceTree = "<group>";
		};
		ED8E5A3829229D1B009DCC32 /* News */ = {
			isa = PBXGroup;
			children = (
				ED8E5A3929229D1B009DCC32 /* AppDelegate.swift */,
				ED8E5A3B29229D1B009DCC32 /* SceneDelegate.swift */,
				ED8E5A4D29229D28009DCC32 /* Model */,
				ED8E5A542922A0BD009DCC32 /* Views */,
				ED8E5A5229229D4C009DCC32 /* Controllers */,
				ED8E5A4229229D1D009DCC32 /* Assets.xcassets */,
				ED8E5A4429229D1D009DCC32 /* LaunchScreen.storyboard */,
				ED8E5A4729229D1D009DCC32 /* Info.plist */,
			);
			path = News;
			sourceTree = "<group>";
		};
		ED8E5A4D29229D28009DCC32 /* Model */ = {
			isa = PBXGroup;
			children = (
				ED8E5A4F29229D40009DCC32 /* APIreponse.swift */,
				ED8E5A4E29229D3F009DCC32 /* APICaller.swift */,
			);
			path = Model;
			sourceTree = "<group>";
		};
		ED8E5A5229229D4C009DCC32 /* Controllers */ = {
			isa = PBXGroup;
			children = (
				ED8E5A3D29229D1B009DCC32 /* NewsViewController.swift */,
				ED7D459C2927DABC0095F7FE /* CustomTableViewCell.swift */,
				ED7D459D2927DABC0095F7FE /* CustomTableViewCell.xib */,
			);
			path = Controllers;
			sourceTree = "<group>";
		};
		ED8E5A542922A0BD009DCC32 /* Views */ = {
			isa = PBXGroup;
			children = (
				ED8E5A3F29229D1B009DCC32 /* Main.storyboard */,
			);
			path = Views;
			sourceTree = "<group>";
		};
/* End PBXGroup section */

/* Begin PBXNativeTarget section */
		ED8E5A3529229D1B009DCC32 /* News */ = {
			isa = PBXNativeTarget;
			buildConfigurationList = ED8E5A4A29229D1D009DCC32 /* Build configuration list for PBXNativeTarget "News" */;
			buildPhases = (
				ED8E5A3229229D1B009DCC32 /* Sources */,
				ED8E5A3329229D1B009DCC32 /* Frameworks */,
				ED8E5A3429229D1B009DCC32 /* Resources */,
			);
			buildRules = (
			);
			dependencies = (
			);
			name = News;
			productName = News;
			productReference = ED8E5A3629229D1B009DCC32 /* News.app */;
			productType = "com.apple.product-type.application";
		};
/* End PBXNativeTarget section */

/* Begin PBXProject section */
		ED8E5A2E29229D1B009DCC32 /* Project object */ = {
			isa = PBXProject;
			attributes = {
				BuildIndependentTargetsInParallel = 1;
				LastSwiftUpdateCheck = 1410;
				LastUpgradeCheck = 1410;
				TargetAttributes = {
					ED8E5A3529229D1B009DCC32 = {
						CreatedOnToolsVersion = 14.1;
					};
				};
			};
			buildConfigurationList = ED8E5A3129229D1B009DCC32 /* Build configuration list for PBXProject "News" */;
			compatibilityVersion = "Xcode 14.0";
			developmentRegion = en;
			hasScannedForEncodings = 0;
			knownRegions = (
				en,
				Base,
			);
			mainGroup = ED8E5A2D29229D1B009DCC32;
			productRefGroup = ED8E5A3729229D1B009DCC32 /* Products */;
			projectDirPath = "";
			projectRoot = "";
			targets = (
				ED8E5A3529229D1B009DCC32 /* News */,
			);
		};
/* End PBXProject section */

/* Begin PBXResourcesBuildPhase section */
		ED8E5A3429229D1B009DCC32 /* Resources */ = {
			isa = PBXResourcesBuildPhase;
			buildActionMask = 2147483647;
			files = (
				ED8E5A4629229D1D009DCC32 /* LaunchScreen.storyboard in Resources */,
				ED8E5A4329229D1D009DCC32 /* Assets.xcassets in Resources */,
				ED7D459F2927DABC0095F7FE /* CustomTableViewCell.xib in Resources */,
				ED8E5A4129229D1B009DCC32 /* Main.storyboard in Resources */,
			);
			runOnlyForDeploymentPostprocessing = 0;
		};
/* End PBXResourcesBuildPhase section */

/* Begin PBXSourcesBuildPhase section */
		ED8E5A3229229D1B009DCC32 /* Sources */ = {
			isa = PBXSourcesBuildPhase;
			buildActionMask = 2147483647;
			files = (
				ED8E5A5029229D40009DCC32 /* APICaller.swift in Sources */,
				ED8E5A3E29229D1B009DCC32 /* NewsViewController.swift in Sources */,
				ED8E5A3A29229D1B009DCC32 /* AppDelegate.swift in Sources */,
				ED7D459E2927DABC0095F7FE /* CustomTableViewCell.swift in Sources */,
				ED8E5A5129229D40009DCC32 /* APIreponse.swift in Sources */,
				ED8E5A3C29229D1B009DCC32 /* SceneDelegate.swift in Sources */,
			);
			runOnlyForDeploymentPostprocessing = 0;
		};
/* End PBXSourcesBuildPhase section */

/* Begin PBXVariantGroup section */
		ED8E5A3F29229D1B009DCC32 /* Main.storyboard */ = {
			isa = PBXVariantGroup;
			children = (
				ED8E5A4029229D1B009DCC32 /* Base */,
			);
			name = Main.storyboard;
			sourceTree = "<group>";
		};
		ED8E5A4429229D1D009DCC32 /* LaunchScreen.storyboard */ = {
			isa = PBXVariantGroup;
			children = (
				ED8E5A4529229D1D009DCC32 /* Base */,
			);
			name = LaunchScreen.storyboard;
			sourceTree = "<group>";
		};
/* End PBXVariantGroup section */

/* Begin XCBuildConfiguration section */
		ED8E5A4829229D1D009DCC32 /* Debug */ = {
			isa = XCBuildConfiguration;
			buildSettings = {
				ALWAYS_SEARCH_USER_PATHS = NO;
				CLANG_ANALYZER_NONNULL = YES;
				CLANG_ANALYZER_NUMBER_OBJECT_CONVERSION = YES_AGGRESSIVE;
				CLANG_CXX_LANGUAGE_STANDARD = "gnu++20";
				CLANG_ENABLE_MODULES = YES;
				CLANG_ENABLE_OBJC_ARC = YES;
				CLANG_ENABLE_OBJC_WEAK = YES;
				CLANG_WARN_BLOCK_CAPTURE_AUTORELEASING = YES;
				CLANG_WARN_BOOL_CONVERSION = YES;
				CLANG_WARN_COMMA = YES;
				CLANG_WARN_CONSTANT_CONVERSION = YES;
				CLANG_WARN_DEPRECATED_OBJC_IMPLEMENTATIONS = YES;
				CLANG_WARN_DIRECT_OBJC_ISA_USAGE = YES_ERROR;
				CLANG_WARN_DOCUMENTATION_COMMENTS = YES;
				CLANG_WARN_EMPTY_BODY = YES;
				CLANG_WARN_ENUM_CONVERSION = YES;
				CLANG_WARN_INFINITE_RECURSION = YES;
				CLANG_WARN_INT_CONVERSION = YES;
				CLANG_WARN_NON_LITERAL_NULL_CONVERSION = YES;
				CLANG_WARN_OBJC_IMPLICIT_RETAIN_SELF = YES;
				CLANG_WARN_OBJC_LITERAL_CONVERSION = YES;
				CLANG_WARN_OBJC_ROOT_CLASS = YES_ERROR;
				CLANG_WARN_QUOTED_INCLUDE_IN_FRAMEWORK_HEADER = YES;
				CLANG_WARN_RANGE_LOOP_ANALYSIS = YES;
				CLANG_WARN_STRICT_PROTOTYPES = YES;
				CLANG_WARN_SUSPICIOUS_MOVE = YES;
				CLANG_WARN_UNGUARDED_AVAILABILITY = YES_AGGRESSIVE;
				CLANG_WARN_UNREACHABLE_CODE = YES;
				CLANG_WARN__DUPLICATE_METHOD_MATCH = YES;
				COPY_PHASE_STRIP = NO;
				DEBUG_INFORMATION_FORMAT = dwarf;
				ENABLE_STRICT_OBJC_MSGSEND = YES;
				ENABLE_TESTABILITY = YES;
				GCC_C_LANGUAGE_STANDARD = gnu11;
				GCC_DYNAMIC_NO_PIC = NO;
				GCC_NO_COMMON_BLOCKS = YES;
				GCC_OPTIMIZATION_LEVEL = 0;
				GCC_PREPROCESSOR_DEFINITIONS = (
					"DEBUG=1",
					"$(inherited)",
				);
				GCC_WARN_64_TO_32_BIT_CONVERSION = YES;
				GCC_WARN_ABOUT_RETURN_TYPE = YES_ERROR;
				GCC_WARN_UNDECLARED_SELECTOR = YES;
				GCC_WARN_UNINITIALIZED_AUTOS = YES_AGGRESSIVE;
				GCC_WARN_UNUSED_FUNCTION = YES;
				GCC_WARN_UNUSED_VARIABLE = YES;
				IPHONEOS_DEPLOYMENT_TARGET = 16.1;
				MTL_ENABLE_DEBUG_INFO = INCLUDE_SOURCE;
				MTL_FAST_MATH = YES;
				ONLY_ACTIVE_ARCH = YES;
				SDKROOT = iphoneos;
				SWIFT_ACTIVE_COMPILATION_CONDITIONS = DEBUG;
				SWIFT_OPTIMIZATION_LEVEL = "-Onone";
			};
			name = Debug;
		};
		ED8E5A4929229D1D009DCC32 /* Release */ = {
			isa = XCBuildConfiguration;
			buildSettings = {
				ALWAYS_SEARCH_USER_PATHS = NO;
				CLANG_ANALYZER_NONNULL = YES;
				CLANG_ANALYZER_NUMBER_OBJECT_CONVERSION = YES_AGGRESSIVE;
				CLANG_CXX_LANGUAGE_STANDARD = "gnu++20";
				CLANG_ENABLE_MODULES = YES;
				CLANG_ENABLE_OBJC_ARC = YES;
				CLANG_ENABLE_OBJC_WEAK = YES;
				CLANG_WARN_BLOCK_CAPTURE_AUTORELEASING = YES;
				CLANG_WARN_BOOL_CONVERSION = YES;
				CLANG_WARN_COMMA = YES;
				CLANG_WARN_CONSTANT_CONVERSION = YES;
				CLANG_WARN_DEPRECATED_OBJC_IMPLEMENTATIONS = YES;
				CLANG_WARN_DIRECT_OBJC_ISA_USAGE = YES_ERROR;
				CLANG_WARN_DOCUMENTATION_COMMENTS = YES;
				CLANG_WARN_EMPTY_BODY = YES;
				CLANG_WARN_ENUM_CONVERSION = YES;
				CLANG_WARN_INFINITE_RECURSION = YES;
				CLANG_WARN_INT_CONVERSION = YES;
				CLANG_WARN_NON_LITERAL_NULL_CONVERSION = YES;
				CLANG_WARN_OBJC_IMPLICIT_RETAIN_SELF = YES;
				CLANG_WARN_OBJC_LITERAL_CONVERSION = YES;
				CLANG_WARN_OBJC_ROOT_CLASS = YES_ERROR;
				CLANG_WARN_QUOTED_INCLUDE_IN_FRAMEWORK_HEADER = YES;
				CLANG_WARN_RANGE_LOOP_ANALYSIS = YES;
				CLANG_WARN_STRICT_PROTOTYPES = YES;
				CLANG_WARN_SUSPICIOUS_MOVE = YES;
				CLANG_WARN_UNGUARDED_AVAILABILITY = YES_AGGRESSIVE;
				CLANG_WARN_UNREACHABLE_CODE = YES;
				CLANG_WARN__DUPLICATE_METHOD_MATCH = YES;
				COPY_PHASE_STRIP = NO;
				DEBUG_INFORMATION_FORMAT = "dwarf-with-dsym";
				ENABLE_NS_ASSERTIONS = NO;
				ENABLE_STRICT_OBJC_MSGSEND = YES;
				GCC_C_LANGUAGE_STANDARD = gnu11;
				GCC_NO_COMMON_BLOCKS = YES;
				GCC_WARN_64_TO_32_BIT_CONVERSION = YES;
				GCC_WARN_ABOUT_RETURN_TYPE = YES_ERROR;
				GCC_WARN_UNDECLARED_SELECTOR = YES;
				GCC_WARN_UNINITIALIZED_AUTOS = YES_AGGRESSIVE;
				GCC_WARN_UNUSED_FUNCTION = YES;
				GCC_WARN_UNUSED_VARIABLE = YES;
				IPHONEOS_DEPLOYMENT_TARGET = 16.1;
				MTL_ENABLE_DEBUG_INFO = NO;
				MTL_FAST_MATH = YES;
				SDKROOT = iphoneos;
				SWIFT_COMPILATION_MODE = wholemodule;
				SWIFT_OPTIMIZATION_LEVEL = "-O";
				VALIDATE_PRODUCT = YES;
			};
			name = Release;
		};
		ED8E5A4B29229D1D009DCC32 /* Debug */ = {
			isa = XCBuildConfiguration;
			buildSettings = {
				ASSETCATALOG_COMPILER_APPICON_NAME = AppIcon;
				ASSETCATALOG_COMPILER_GLOBAL_ACCENT_COLOR_NAME = AccentColor;
				CODE_SIGN_STYLE = Automatic;
				CURRENT_PROJECT_VERSION = 1;
				DEVELOPMENT_TEAM = 733XWR5Y23;
				GENERATE_INFOPLIST_FILE = YES;
				INFOPLIST_FILE = News/Info.plist;
				INFOPLIST_KEY_UIApplicationSupportsIndirectInputEvents = YES;
				INFOPLIST_KEY_UILaunchStoryboardName = LaunchScreen;
				INFOPLIST_KEY_UIMainStoryboardFile = Main;
				INFOPLIST_KEY_UISupportedInterfaceOrientations_iPad = "UIInterfaceOrientationPortrait UIInterfaceOrientationPortraitUpsideDown UIInterfaceOrientationLandscapeLeft UIInterfaceOrientationLandscapeRight";
				INFOPLIST_KEY_UISupportedInterfaceOrientations_iPhone = "UIInterfaceOrientationPortrait UIInterfaceOrientationLandscapeLeft UIInterfaceOrientationLandscapeRight";
				LD_RUNPATH_SEARCH_PATHS = (
					"$(inherited)",
					"@executable_path/Frameworks",
				);
				MARKETING_VERSION = 1.0;
				PRODUCT_BUNDLE_IDENTIFIER = com.aclinaev.News;
				PRODUCT_NAME = "$(TARGET_NAME)";
				SWIFT_EMIT_LOC_STRINGS = YES;
				SWIFT_VERSION = 5.0;
				TARGETED_DEVICE_FAMILY = "1,2";
			};
			name = Debug;
		};
		ED8E5A4C29229D1D009DCC32 /* Release */ = {
			isa = XCBuildConfiguration;
			buildSettings = {
				ASSETCATALOG_COMPILER_APPICON_NAME = AppIcon;
				ASSETCATALOG_COMPILER_GLOBAL_ACCENT_COLOR_NAME = AccentColor;
				CODE_SIGN_STYLE = Automatic;
				CURRENT_PROJECT_VERSION = 1;
				DEVELOPMENT_TEAM = 733XWR5Y23;
				GENERATE_INFOPLIST_FILE = YES;
				INFOPLIST_FILE = News/Info.plist;
				INFOPLIST_KEY_UIApplicationSupportsIndirectInputEvents = YES;
				INFOPLIST_KEY_UILaunchStoryboardName = LaunchScreen;
				INFOPLIST_KEY_UIMainStoryboardFile = Main;
				INFOPLIST_KEY_UISupportedInterfaceOrientations_iPad = "UIInterfaceOrientationPortrait UIInterfaceOrientationPortraitUpsideDown UIInterfaceOrientationLandscapeLeft UIInterfaceOrientationLandscapeRight";
				INFOPLIST_KEY_UISupportedInterfaceOrientations_iPhone = "UIInterfaceOrientationPortrait UIInterfaceOrientationLandscapeLeft UIInterfaceOrientationLandscapeRight";
				LD_RUNPATH_SEARCH_PATHS = (
					"$(inherited)",
					"@executable_path/Frameworks",
				);
				MARKETING_VERSION = 1.0;
				PRODUCT_BUNDLE_IDENTIFIER = com.aclinaev.News;
				PRODUCT_NAME = "$(TARGET_NAME)";
				SWIFT_EMIT_LOC_STRINGS = YES;
				SWIFT_VERSION = 5.0;
				TARGETED_DEVICE_FAMILY = "1,2";
			};
			name = Release;
		};
/* End XCBuildConfiguration section */

/* Begin XCConfigurationList section */
		ED8E5A3129229D1B009DCC32 /* Build configuration list for PBXProject "News" */ = {
			isa = XCConfigurationList;
			buildConfigurations = (
				ED8E5A4829229D1D009DCC32 /* Debug */,
				ED8E5A4929229D1D009DCC32 /* Release */,
			);
			defaultConfigurationIsVisible = 0;
			defaultConfigurationName = Release;
		};
		ED8E5A4A29229D1D009DCC32 /* Build configuration list for PBXNativeTarget "News" */ = {
			isa = XCConfigurationList;
			buildConfigurations = (
				ED8E5A4B29229D1D009DCC32 /* Debug */,
				ED8E5A4C29229D1D009DCC32 /* Release */,
			);
			defaultConfigurationIsVisible = 0;
			defaultConfigurationName = Release;
		};
/* End XCConfigurationList section */
	};
	rootObject = ED8E5A2E29229D1B009DCC32 /* Project object */;
}
